
Microsoft Visual Studio Solution File, Format Version 12.00
# Visual Studio Version 16
VisualStudioVersion = 16.0.32602.291
MinimumVisualStudioVersion = 10.0.40219.1
Project("{8BC9CEB8-8B4A-11D0-8D11-00A0C91BC942}") = "course_planner", "course_planner.vcxproj", "{08042447-3907-46DB-AF08-AE68098A05A6}"
EndProject
Global
	GlobalSection(SolutionConfigurationPlatforms) = preSolution
		Debug|x64 = Debug|x64
		Debug|x86 = Debug|x86
		Release|x64 = Release|x64
		Release|x86 = Release|x86
	EndGlobalSection
	GlobalSection(ProjectConfigurationPlatforms) = postSolution
		{08042447-3907-46DB-AF08-AE68098A05A6}.Debug|x64.ActiveCfg = Debug|x64
		{08042447-3907-46DB-AF08-AE68098A05A6}.Debug|x64.Build.0 = Debug|x64
		{08042447-3907-46DB-AF08-AE68098A05A6}.Debug|x86.ActiveCfg = Debug|Win32
		{08042447-3907-46DB-AF08-AE68098A05A6}.Debug|x86.Build.0 = Debug|Win32
		{08042447-3907-46DB-AF08-AE68098A05A6}.Release|x64.ActiveCfg = Release|x64
		{08042447-3907-46DB-AF08-AE68098A05A6}.Release|x64.Build.0 = Release|x64
		{08042447-3907-46DB-AF08-AE68098A05A6}.Release|x86.ActiveCfg = Release|Win32
		{08042447-3907-46DB-AF08-AE68098A05A6}.Release|x86.Build.0 = Release|Win32
	EndGlobalSection
	GlobalSection(SolutionProperties) = preSolution
		HideSolutionNode = FALSE
	EndGlobalSection
	GlobalSection(ExtensibilityGlobals) = postSolution
		SolutionGuid = {B4E0C542-1FBB-4A01-81A0-0B4F4C1EBD86}
	EndGlobalSection
EndGlobal
